
Microsoft Visual Studio Solution File, Format Version 12.00
# Visual Studio Version 17
VisualStudioVersion = 17.2.32519.379
MinimumVisualStudioVersion = 10.0.40219.1
Project("{FAE04EC0-301F-11D3-BF4B-00C04F79EFBC}") = "Entitystudent", "Entitystudent\Entitystudent.csproj", "{04D06117-782F-42B1-A59F-67EDAF32D6AF}"
EndProject
Global
	GlobalSection(SolutionConfigurationPlatforms) = preSolution
		Debug|Any CPU = Debug|Any CPU
		Release|Any CPU = Release|Any CPU
	EndGlobalSection
	GlobalSection(ProjectConfigurationPlatforms) = postSolution
		{04D06117-782F-42B1-A59F-67EDAF32D6AF}.Debug|Any CPU.ActiveCfg = Debug|Any CPU
		{04D06117-782F-42B1-A59F-67EDAF32D6AF}.Debug|Any CPU.Build.0 = Debug|Any CPU
		{04D06117-782F-42B1-A59F-67EDAF32D6AF}.Release|Any CPU.ActiveCfg = Release|Any CPU
		{04D06117-782F-42B1-A59F-67EDAF32D6AF}.Release|Any CPU.Build.0 = Release|Any CPU
	EndGlobalSection
	GlobalSection(SolutionProperties) = preSolution
		HideSolutionNode = FALSE
	EndGlobalSection
	GlobalSection(ExtensibilityGlobals) = postSolution
		SolutionGuid = {283DA677-715F-410A-8267-7FB390DC9940}
	EndGlobalSection
EndGlobal
